
Microsoft Visual Studio Solution File, Format Version 12.00
# Visual Studio 15
Project("{FAE04EC0-301F-11D3-BF4B-00C04F79EFBC}") = "Assembly-CSharp", "Assembly-CSharp.csproj", "{7C3A11DF-CA75-777E-92E4-F4B7246DFE44}"
EndProject
Project("{FAE04EC0-301F-11D3-BF4B-00C04F79EFBC}") = "Ink-Libraries", "Ink-Libraries.csproj", "{36D248D8-8148-E79F-4659-06B155DFB222}"
EndProject
Project("{FAE04EC0-301F-11D3-BF4B-00C04F79EFBC}") = "InkEditor", "InkEditor.csproj", "{8BA33324-7C20-5D7A-C674-81B4007B445E}"
EndProject
Project("{FAE04EC0-301F-11D3-BF4B-00C04F79EFBC}") = "Assembly-CSharp-Editor", "Assembly-CSharp-Editor.csproj", "{7141EA45-4CE2-B298-8322-7FD568395547}"
EndProject
Global
	GlobalSection(SolutionConfigurationPlatforms) = preSolution
		Debug|Any CPU = Debug|Any CPU
		Release|Any CPU = Release|Any CPU
	EndGlobalSection
	GlobalSection(ProjectConfigurationPlatforms) = postSolution
		{7C3A11DF-CA75-777E-92E4-F4B7246DFE44}.Debug|Any CPU.ActiveCfg = Debug|Any CPU
		{7C3A11DF-CA75-777E-92E4-F4B7246DFE44}.Debug|Any CPU.Build.0 = Debug|Any CPU
		{7C3A11DF-CA75-777E-92E4-F4B7246DFE44}.Release|Any CPU.ActiveCfg = Release|Any CPU
		{7C3A11DF-CA75-777E-92E4-F4B7246DFE44}.Release|Any CPU.Build.0 = Release|Any CPU
		{36D248D8-8148-E79F-4659-06B155DFB222}.Debug|Any CPU.ActiveCfg = Debug|Any CPU
		{36D248D8-8148-E79F-4659-06B155DFB222}.Debug|Any CPU.Build.0 = Debug|Any CPU
		{36D248D8-8148-E79F-4659-06B155DFB222}.Release|Any CPU.ActiveCfg = Release|Any CPU
		{36D248D8-8148-E79F-4659-06B155DFB222}.Release|Any CPU.Build.0 = Release|Any CPU
		{8BA33324-7C20-5D7A-C674-81B4007B445E}.Debug|Any CPU.ActiveCfg = Debug|Any CPU
		{8BA33324-7C20-5D7A-C674-81B4007B445E}.Debug|Any CPU.Build.0 = Debug|Any CPU
		{8BA33324-7C20-5D7A-C674-81B4007B445E}.Release|Any CPU.ActiveCfg = Release|Any CPU
		{8BA33324-7C20-5D7A-C674-81B4007B445E}.Release|Any CPU.Build.0 = Release|Any CPU
		{7141EA45-4CE2-B298-8322-7FD568395547}.Debug|Any CPU.ActiveCfg = Debug|Any CPU
		{7141EA45-4CE2-B298-8322-7FD568395547}.Debug|Any CPU.Build.0 = Debug|Any CPU
		{7141EA45-4CE2-B298-8322-7FD568395547}.Release|Any CPU.ActiveCfg = Release|Any CPU
		{7141EA45-4CE2-B298-8322-7FD568395547}.Release|Any CPU.Build.0 = Release|Any CPU
	EndGlobalSection
	GlobalSection(SolutionProperties) = preSolution
		HideSolutionNode = FALSE
	EndGlobalSection
EndGlobal
